
Microsoft Visual Studio Solution File, Format Version 12.00
# Visual Studio Version 17
VisualStudioVersion = 17.3.32922.545
MinimumVisualStudioVersion = 10.0.40219.1
Project("{FAE04EC0-301F-11D3-BF4B-00C04F79EFBC}") = "CA3", "CA3.csproj", "{93B424D2-CF62-4F05-ADE3-A6AA101FC540}"
EndProject
Global
	GlobalSection(SolutionConfigurationPlatforms) = preSolution
		Debug|Any CPU = Debug|Any CPU
		Release|Any CPU = Release|Any CPU
	EndGlobalSection
	GlobalSection(ProjectConfigurationPlatforms) = postSolution
		{93B424D2-CF62-4F05-ADE3-A6AA101FC540}.Debug|Any CPU.ActiveCfg = Debug|Any CPU
		{93B424D2-CF62-4F05-ADE3-A6AA101FC540}.Debug|Any CPU.Build.0 = Debug|Any CPU
		{93B424D2-CF62-4F05-ADE3-A6AA101FC540}.Release|Any CPU.ActiveCfg = Release|Any CPU
		{93B424D2-CF62-4F05-ADE3-A6AA101FC540}.Release|Any CPU.Build.0 = Release|Any CPU
	EndGlobalSection
	GlobalSection(SolutionProperties) = preSolution
		HideSolutionNode = FALSE
	EndGlobalSection
	GlobalSection(ExtensibilityGlobals) = postSolution
		SolutionGuid = {BE66C472-A5B7-4606-BE7A-F7909293BDB2}
	EndGlobalSection
EndGlobal
